
Microsoft Visual Studio Solution File, Format Version 12.00
# Visual Studio Version 17
VisualStudioVersion = 17.8.34330.188
MinimumVisualStudioVersion = 10.0.40219.1
Project("{FAE04EC0-301F-11D3-BF4B-00C04F79EFBC}") = "KustomCart.Web", "KustomCart.Web\KustomCart.Web\KustomCart.Web.csproj", "{A212E5D8-1CF3-4DF8-A291-EFF2F6212AFB}"
EndProject
Project("{FAE04EC0-301F-11D3-BF4B-00C04F79EFBC}") = "KustomCart.Web.Client", "KustomCart.Web\KustomCart.Web.Client\KustomCart.Web.Client.csproj", "{8668F7ED-32A0-4817-A506-54574EC8A484}"
EndProject
Global
	GlobalSection(SolutionConfigurationPlatforms) = preSolution
		Debug|Any CPU = Debug|Any CPU
		Release|Any CPU = Release|Any CPU
	EndGlobalSection
	GlobalSection(ProjectConfigurationPlatforms) = postSolution
		{A212E5D8-1CF3-4DF8-A291-EFF2F6212AFB}.Debug|Any CPU.ActiveCfg = Debug|Any CPU
		{A212E5D8-1CF3-4DF8-A291-EFF2F6212AFB}.Debug|Any CPU.Build.0 = Debug|Any CPU
		{A212E5D8-1CF3-4DF8-A291-EFF2F6212AFB}.Release|Any CPU.ActiveCfg = Release|Any CPU
		{A212E5D8-1CF3-4DF8-A291-EFF2F6212AFB}.Release|Any CPU.Build.0 = Release|Any CPU
		{8668F7ED-32A0-4817-A506-54574EC8A484}.Debug|Any CPU.ActiveCfg = Debug|Any CPU
		{8668F7ED-32A0-4817-A506-54574EC8A484}.Debug|Any CPU.Build.0 = Debug|Any CPU
		{8668F7ED-32A0-4817-A506-54574EC8A484}.Release|Any CPU.ActiveCfg = Release|Any CPU
		{8668F7ED-32A0-4817-A506-54574EC8A484}.Release|Any CPU.Build.0 = Release|Any CPU
	EndGlobalSection
	GlobalSection(SolutionProperties) = preSolution
		HideSolutionNode = FALSE
	EndGlobalSection
	GlobalSection(ExtensibilityGlobals) = postSolution
		SolutionGuid = {962969DB-B7F2-4394-8947-61174271D0AB}
	EndGlobalSection
EndGlobal
