
Microsoft Visual Studio Solution File, Format Version 12.00
# Visual Studio Version 17
VisualStudioVersion = 17.8.34330.188
MinimumVisualStudioVersion = 10.0.40219.1
Project("{FAE04EC0-301F-11D3-BF4B-00C04F79EFBC}") = "KustomCart.Web", "KustomCart.Web\KustomCart.Web.csproj", "{8A2A4A14-ADBF-4B80-9B3C-EFD90AEA282C}"
EndProject
Project("{FAE04EC0-301F-11D3-BF4B-00C04F79EFBC}") = "KustomCart.Api", "KustomCart.Api\KustomCart.Api.csproj", "{E93EA930-656C-4C68-9F5C-B94F617EC7B8}"
EndProject
Global
	GlobalSection(SolutionConfigurationPlatforms) = preSolution
		Debug|Any CPU = Debug|Any CPU
		Release|Any CPU = Release|Any CPU
	EndGlobalSection
	GlobalSection(ProjectConfigurationPlatforms) = postSolution
		{8A2A4A14-ADBF-4B80-9B3C-EFD90AEA282C}.Debug|Any CPU.ActiveCfg = Debug|Any CPU
		{8A2A4A14-ADBF-4B80-9B3C-EFD90AEA282C}.Debug|Any CPU.Build.0 = Debug|Any CPU
		{8A2A4A14-ADBF-4B80-9B3C-EFD90AEA282C}.Release|Any CPU.ActiveCfg = Release|Any CPU
		{8A2A4A14-ADBF-4B80-9B3C-EFD90AEA282C}.Release|Any CPU.Build.0 = Release|Any CPU
		{E93EA930-656C-4C68-9F5C-B94F617EC7B8}.Debug|Any CPU.ActiveCfg = Debug|Any CPU
		{E93EA930-656C-4C68-9F5C-B94F617EC7B8}.Debug|Any CPU.Build.0 = Debug|Any CPU
		{E93EA930-656C-4C68-9F5C-B94F617EC7B8}.Release|Any CPU.ActiveCfg = Release|Any CPU
		{E93EA930-656C-4C68-9F5C-B94F617EC7B8}.Release|Any CPU.Build.0 = Release|Any CPU
	EndGlobalSection
	GlobalSection(SolutionProperties) = preSolution
		HideSolutionNode = FALSE
	EndGlobalSection
	GlobalSection(ExtensibilityGlobals) = postSolution
		SolutionGuid = {B0B8D3F4-8124-49C4-A17F-7341ABBA0BB3}
	EndGlobalSection
EndGlobal
